
Microsoft Visual Studio Solution File, Format Version 12.00
# Visual Studio Version 17
VisualStudioVersion = 17.7.34202.233
MinimumVisualStudioVersion = 10.0.40219.1
Project("{FAE04EC0-301F-11D3-BF4B-00C04F79EFBC}") = "SimpleBlogApplication", "SimpleBlogApplication\SimpleBlogApplication.csproj", "{D47E83DC-D529-4DD0-9DC6-BE85012AE6A4}"
EndProject
Global
	GlobalSection(SolutionConfigurationPlatforms) = preSolution
		Debug|Any CPU = Debug|Any CPU
		Release|Any CPU = Release|Any CPU
	EndGlobalSection
	GlobalSection(ProjectConfigurationPlatforms) = postSolution
		{D47E83DC-D529-4DD0-9DC6-BE85012AE6A4}.Debug|Any CPU.ActiveCfg = Debug|Any CPU
		{D47E83DC-D529-4DD0-9DC6-BE85012AE6A4}.Debug|Any CPU.Build.0 = Debug|Any CPU
		{D47E83DC-D529-4DD0-9DC6-BE85012AE6A4}.Release|Any CPU.ActiveCfg = Release|Any CPU
		{D47E83DC-D529-4DD0-9DC6-BE85012AE6A4}.Release|Any CPU.Build.0 = Release|Any CPU
	EndGlobalSection
	GlobalSection(SolutionProperties) = preSolution
		HideSolutionNode = FALSE
	EndGlobalSection
	GlobalSection(ExtensibilityGlobals) = postSolution
		SolutionGuid = {34845A8D-7E96-4EAD-9D40-163418340BC0}
	EndGlobalSection
EndGlobal
